
Microsoft Visual Studio Solution File, Format Version 12.00
# Visual Studio Version 16
VisualStudioVersion = 16.0.29911.84
MinimumVisualStudioVersion = 10.0.40219.1
Project("{FAE04EC0-301F-11D3-BF4B-00C04F79EFBC}") = "Urzadzenie_Oswietlenia", "Urzadzenie_Oswietlenia\Urzadzenie_Oswietlenia.csproj", "{77712682-6581-4794-A8F0-970F508CBB90}"
EndProject
Global
	GlobalSection(SolutionConfigurationPlatforms) = preSolution
		Debug|Any CPU = Debug|Any CPU
		Release|Any CPU = Release|Any CPU
	EndGlobalSection
	GlobalSection(ProjectConfigurationPlatforms) = postSolution
		{77712682-6581-4794-A8F0-970F508CBB90}.Debug|Any CPU.ActiveCfg = Debug|Any CPU
		{77712682-6581-4794-A8F0-970F508CBB90}.Debug|Any CPU.Build.0 = Debug|Any CPU
		{77712682-6581-4794-A8F0-970F508CBB90}.Release|Any CPU.ActiveCfg = Release|Any CPU
		{77712682-6581-4794-A8F0-970F508CBB90}.Release|Any CPU.Build.0 = Release|Any CPU
	EndGlobalSection
	GlobalSection(SolutionProperties) = preSolution
		HideSolutionNode = FALSE
	EndGlobalSection
	GlobalSection(ExtensibilityGlobals) = postSolution
		SolutionGuid = {259030AA-75A7-401A-A026-3E5E9FE3C0DC}
	EndGlobalSection
EndGlobal
